
Microsoft Visual Studio Solution File, Format Version 12.00
# Visual Studio Version 16
VisualStudioVersion = 16.0.33529.622
MinimumVisualStudioVersion = 10.0.40219.1
Project("{FAE04EC0-301F-11D3-BF4B-00C04F79EFBC}") = "session1", "session1\session1.csproj", "{B8957D53-0B73-48FA-9071-5A933EE09FDA}"
EndProject
Global
	GlobalSection(SolutionConfigurationPlatforms) = preSolution
		Debug|Any CPU = Debug|Any CPU
		Release|Any CPU = Release|Any CPU
	EndGlobalSection
	GlobalSection(ProjectConfigurationPlatforms) = postSolution
		{B8957D53-0B73-48FA-9071-5A933EE09FDA}.Debug|Any CPU.ActiveCfg = Debug|Any CPU
		{B8957D53-0B73-48FA-9071-5A933EE09FDA}.Debug|Any CPU.Build.0 = Debug|Any CPU
		{B8957D53-0B73-48FA-9071-5A933EE09FDA}.Release|Any CPU.ActiveCfg = Release|Any CPU
		{B8957D53-0B73-48FA-9071-5A933EE09FDA}.Release|Any CPU.Build.0 = Release|Any CPU
	EndGlobalSection
	GlobalSection(SolutionProperties) = preSolution
		HideSolutionNode = FALSE
	EndGlobalSection
	GlobalSection(ExtensibilityGlobals) = postSolution
		SolutionGuid = {F6CB2EB8-894A-4933-BA87-FDB22E7A4460}
	EndGlobalSection
EndGlobal
